
Microsoft Visual Studio Solution File, Format Version 12.00
# Visual Studio 15
VisualStudioVersion = 15.0.27428.2011
MinimumVisualStudioVersion = 10.0.40219.1
Project("{FAE04EC0-301F-11D3-BF4B-00C04F79EFBC}") = "FATestApp.UWP", "FATestApp\FATestApp.UWP\FATestApp.UWP.csproj", "{8273309B-D592-4CC4-B6F7-BFD5D3CB6DBB}"
EndProject
Project("{FAE04EC0-301F-11D3-BF4B-00C04F79EFBC}") = "FATestApp", "FATestApp\FATestApp\FATestApp.csproj", "{2F380FD1-FBBA-40D9-A2B0-8C0446822DA7}"
EndProject
Project("{2150E333-8FDC-42A3-9474-1A3956D46DE8}") = "App", "App", "{358B94C7-A85E-4F16-8BD1-EA4170E5348D}"
EndProject
Project("{FAE04EC0-301F-11D3-BF4B-00C04F79EFBC}") = "FATestShared.UWP", "..\FATestShared\FATestShared\FATestShared.UWP\FATestShared.UWP.csproj", "{443380AF-5781-4939-8EB0-FA0B5D8FDB64}"
EndProject
Project("{9A19103F-16F7-4668-BE54-9A1E7A4F7556}") = "FATestShared", "..\FATestShared\FATestShared\FATestShared\FATestShared.csproj", "{EF52D5BF-E4D8-49B5-BE0F-883FE95F8489}"
EndProject
Project("{2150E333-8FDC-42A3-9474-1A3956D46DE8}") = "Shared", "Shared", "{2FA679F3-7440-4BAD-BEBF-041BE22161BD}"
EndProject
Global
	GlobalSection(SolutionConfigurationPlatforms) = preSolution
		Ad-Hoc|Any CPU = Ad-Hoc|Any CPU
		Ad-Hoc|ARM = Ad-Hoc|ARM
		Ad-Hoc|iPhone = Ad-Hoc|iPhone
		Ad-Hoc|iPhoneSimulator = Ad-Hoc|iPhoneSimulator
		Ad-Hoc|x64 = Ad-Hoc|x64
		Ad-Hoc|x86 = Ad-Hoc|x86
		AppStore|Any CPU = AppStore|Any CPU
		AppStore|ARM = AppStore|ARM
		AppStore|iPhone = AppStore|iPhone
		AppStore|iPhoneSimulator = AppStore|iPhoneSimulator
		AppStore|x64 = AppStore|x64
		AppStore|x86 = AppStore|x86
		Debug|Any CPU = Debug|Any CPU
		Debug|ARM = Debug|ARM
		Debug|iPhone = Debug|iPhone
		Debug|iPhoneSimulator = Debug|iPhoneSimulator
		Debug|x64 = Debug|x64
		Debug|x86 = Debug|x86
		Release|Any CPU = Release|Any CPU
		Release|ARM = Release|ARM
		Release|iPhone = Release|iPhone
		Release|iPhoneSimulator = Release|iPhoneSimulator
		Release|x64 = Release|x64
		Release|x86 = Release|x86
	EndGlobalSection
	GlobalSection(ProjectConfigurationPlatforms) = postSolution
		{8273309B-D592-4CC4-B6F7-BFD5D3CB6DBB}.Ad-Hoc|Any CPU.ActiveCfg = Release|x86
		{8273309B-D592-4CC4-B6F7-BFD5D3CB6DBB}.Ad-Hoc|Any CPU.Build.0 = Release|x86
		{8273309B-D592-4CC4-B6F7-BFD5D3CB6DBB}.Ad-Hoc|Any CPU.Deploy.0 = Release|x86
		{8273309B-D592-4CC4-B6F7-BFD5D3CB6DBB}.Ad-Hoc|ARM.ActiveCfg = Release|ARM
		{8273309B-D592-4CC4-B6F7-BFD5D3CB6DBB}.Ad-Hoc|ARM.Build.0 = Release|ARM
		{8273309B-D592-4CC4-B6F7-BFD5D3CB6DBB}.Ad-Hoc|ARM.Deploy.0 = Release|ARM
		{8273309B-D592-4CC4-B6F7-BFD5D3CB6DBB}.Ad-Hoc|iPhone.ActiveCfg = Release|x86
		{8273309B-D592-4CC4-B6F7-BFD5D3CB6DBB}.Ad-Hoc|iPhone.Build.0 = Release|x86
		{8273309B-D592-4CC4-B6F7-BFD5D3CB6DBB}.Ad-Hoc|iPhone.Deploy.0 = Release|x86
		{8273309B-D592-4CC4-B6F7-BFD5D3CB6DBB}.Ad-Hoc|iPhoneSimulator.ActiveCfg = Release|x86
		{8273309B-D592-4CC4-B6F7-BFD5D3CB6DBB}.Ad-Hoc|iPhoneSimulator.Build.0 = Release|x86
		{8273309B-D592-4CC4-B6F7-BFD5D3CB6DBB}.Ad-Hoc|iPhoneSimulator.Deploy.0 = Release|x86
		{8273309B-D592-4CC4-B6F7-BFD5D3CB6DBB}.Ad-Hoc|x64.ActiveCfg = Release|x64
		{8273309B-D592-4CC4-B6F7-BFD5D3CB6DBB}.Ad-Hoc|x64.Build.0 = Release|x64
		{8273309B-D592-4CC4-B6F7-BFD5D3CB6DBB}.Ad-Hoc|x64.Deploy.0 = Release|x64
		{8273309B-D592-4CC4-B6F7-BFD5D3CB6DBB}.Ad-Hoc|x86.ActiveCfg = Release|x86
		{8273309B-D592-4CC4-B6F7-BFD5D3CB6DBB}.Ad-Hoc|x86.Build.0 = Release|x86
		{8273309B-D592-4CC4-B6F7-BFD5D3CB6DBB}.Ad-Hoc|x86.Deploy.0 = Release|x86
		{8273309B-D592-4CC4-B6F7-BFD5D3CB6DBB}.AppStore|Any CPU.ActiveCfg = Release|x86
		{8273309B-D592-4CC4-B6F7-BFD5D3CB6DBB}.AppStore|Any CPU.Build.0 = Release|x86
		{8273309B-D592-4CC4-B6F7-BFD5D3CB6DBB}.AppStore|Any CPU.Deploy.0 = Release|x86
		{8273309B-D592-4CC4-B6F7-BFD5D3CB6DBB}.AppStore|ARM.ActiveCfg = Release|ARM
		{8273309B-D592-4CC4-B6F7-BFD5D3CB6DBB}.AppStore|ARM.Build.0 = Release|ARM
		{8273309B-D592-4CC4-B6F7-BFD5D3CB6DBB}.AppStore|ARM.Deploy.0 = Release|ARM
		{8273309B-D592-4CC4-B6F7-BFD5D3CB6DBB}.AppStore|iPhone.ActiveCfg = Release|x86
		{8273309B-D592-4CC4-B6F7-BFD5D3CB6DBB}.AppStore|iPhone.Build.0 = Release|x86
		{8273309B-D592-4CC4-B6F7-BFD5D3CB6DBB}.AppStore|iPhone.Deploy.0 = Release|x86
		{8273309B-D592-4CC4-B6F7-BFD5D3CB6DBB}.AppStore|iPhoneSimulator.ActiveCfg = Release|x86
		{8273309B-D592-4CC4-B6F7-BFD5D3CB6DBB}.AppStore|iPhoneSimulator.Build.0 = Release|x86
		{8273309B-D592-4CC4-B6F7-BFD5D3CB6DBB}.AppStore|iPhoneSimulator.Deploy.0 = Release|x86
		{8273309B-D592-4CC4-B6F7-BFD5D3CB6DBB}.AppStore|x64.ActiveCfg = Release|x64
		{8273309B-D592-4CC4-B6F7-BFD5D3CB6DBB}.AppStore|x64.Build.0 = Release|x64
		{8273309B-D592-4CC4-B6F7-BFD5D3CB6DBB}.AppStore|x64.Deploy.0 = Release|x64
		{8273309B-D592-4CC4-B6F7-BFD5D3CB6DBB}.AppStore|x86.ActiveCfg = Release|x86
		{8273309B-D592-4CC4-B6F7-BFD5D3CB6DBB}.AppStore|x86.Build.0 = Release|x86
		{8273309B-D592-4CC4-B6F7-BFD5D3CB6DBB}.AppStore|x86.Deploy.0 = Release|x86
		{8273309B-D592-4CC4-B6F7-BFD5D3CB6DBB}.Debug|Any CPU.ActiveCfg = Debug|x86
		{8273309B-D592-4CC4-B6F7-BFD5D3CB6DBB}.Debug|Any CPU.Build.0 = Debug|x86
		{8273309B-D592-4CC4-B6F7-BFD5D3CB6DBB}.Debug|Any CPU.Deploy.0 = Debug|x86
		{8273309B-D592-4CC4-B6F7-BFD5D3CB6DBB}.Debug|ARM.ActiveCfg = Debug|ARM
		{8273309B-D592-4CC4-B6F7-BFD5D3CB6DBB}.Debug|ARM.Build.0 = Debug|ARM
		{8273309B-D592-4CC4-B6F7-BFD5D3CB6DBB}.Debug|ARM.Deploy.0 = Debug|ARM
		{8273309B-D592-4CC4-B6F7-BFD5D3CB6DBB}.Debug|iPhone.ActiveCfg = Debug|x86
		{8273309B-D592-4CC4-B6F7-BFD5D3CB6DBB}.Debug|iPhoneSimulator.ActiveCfg = Debug|x86
		{8273309B-D592-4CC4-B6F7-BFD5D3CB6DBB}.Debug|x64.ActiveCfg = Debug|x64
		{8273309B-D592-4CC4-B6F7-BFD5D3CB6DBB}.Debug|x64.Build.0 = Debug|x64
		{8273309B-D592-4CC4-B6F7-BFD5D3CB6DBB}.Debug|x64.Deploy.0 = Debug|x64
		{8273309B-D592-4CC4-B6F7-BFD5D3CB6DBB}.Debug|x86.ActiveCfg = Debug|x86
		{8273309B-D592-4CC4-B6F7-BFD5D3CB6DBB}.Debug|x86.Build.0 = Debug|x86
		{8273309B-D592-4CC4-B6F7-BFD5D3CB6DBB}.Debug|x86.Deploy.0 = Debug|x86
		{8273309B-D592-4CC4-B6F7-BFD5D3CB6DBB}.Release|Any CPU.ActiveCfg = Release|x86
		{8273309B-D592-4CC4-B6F7-BFD5D3CB6DBB}.Release|ARM.ActiveCfg = Release|ARM
		{8273309B-D592-4CC4-B6F7-BFD5D3CB6DBB}.Release|ARM.Build.0 = Release|ARM
		{8273309B-D592-4CC4-B6F7-BFD5D3CB6DBB}.Release|ARM.Deploy.0 = Release|ARM
		{8273309B-D592-4CC4-B6F7-BFD5D3CB6DBB}.Release|iPhone.ActiveCfg = Release|x86
		{8273309B-D592-4CC4-B6F7-BFD5D3CB6DBB}.Release|iPhoneSimulator.ActiveCfg = Release|x86
		{8273309B-D592-4CC4-B6F7-BFD5D3CB6DBB}.Release|x64.ActiveCfg = Release|x64
		{8273309B-D592-4CC4-B6F7-BFD5D3CB6DBB}.Release|x64.Build.0 = Release|x64
		{8273309B-D592-4CC4-B6F7-BFD5D3CB6DBB}.Release|x64.Deploy.0 = Release|x64
		{8273309B-D592-4CC4-B6F7-BFD5D3CB6DBB}.Release|x86.ActiveCfg = Release|x86
		{8273309B-D592-4CC4-B6F7-BFD5D3CB6DBB}.Release|x86.Build.0 = Release|x86
		{8273309B-D592-4CC4-B6F7-BFD5D3CB6DBB}.Release|x86.Deploy.0 = Release|x86
		{2F380FD1-FBBA-40D9-A2B0-8C0446822DA7}.Ad-Hoc|Any CPU.ActiveCfg = Debug|Any CPU
		{2F380FD1-FBBA-40D9-A2B0-8C0446822DA7}.Ad-Hoc|Any CPU.Build.0 = Debug|Any CPU
		{2F380FD1-FBBA-40D9-A2B0-8C0446822DA7}.Ad-Hoc|ARM.ActiveCfg = Debug|Any CPU
		{2F380FD1-FBBA-40D9-A2B0-8C0446822DA7}.Ad-Hoc|ARM.Build.0 = Debug|Any CPU
		{2F380FD1-FBBA-40D9-A2B0-8C0446822DA7}.Ad-Hoc|iPhone.ActiveCfg = Debug|Any CPU
		{2F380FD1-FBBA-40D9-A2B0-8C0446822DA7}.Ad-Hoc|iPhone.Build.0 = Debug|Any CPU
		{2F380FD1-FBBA-40D9-A2B0-8C0446822DA7}.Ad-Hoc|iPhoneSimulator.ActiveCfg = Debug|Any CPU
		{2F380FD1-FBBA-40D9-A2B0-8C0446822DA7}.Ad-Hoc|iPhoneSimulator.Build.0 = Debug|Any CPU
		{2F380FD1-FBBA-40D9-A2B0-8C0446822DA7}.Ad-Hoc|x64.ActiveCfg = Debug|Any CPU
		{2F380FD1-FBBA-40D9-A2B0-8C0446822DA7}.Ad-Hoc|x64.Build.0 = Debug|Any CPU
		{2F380FD1-FBBA-40D9-A2B0-8C0446822DA7}.Ad-Hoc|x86.ActiveCfg = Debug|Any CPU
		{2F380FD1-FBBA-40D9-A2B0-8C0446822DA7}.Ad-Hoc|x86.Build.0 = Debug|Any CPU
		{2F380FD1-FBBA-40D9-A2B0-8C0446822DA7}.AppStore|Any CPU.ActiveCfg = Debug|Any CPU
		{2F380FD1-FBBA-40D9-A2B0-8C0446822DA7}.AppStore|Any CPU.Build.0 = Debug|Any CPU
		{2F380FD1-FBBA-40D9-A2B0-8C0446822DA7}.AppStore|ARM.ActiveCfg = Debug|Any CPU
		{2F380FD1-FBBA-40D9-A2B0-8C0446822DA7}.AppStore|ARM.Build.0 = Debug|Any CPU
		{2F380FD1-FBBA-40D9-A2B0-8C0446822DA7}.AppStore|iPhone.ActiveCfg = Debug|Any CPU
		{2F380FD1-FBBA-40D9-A2B0-8C0446822DA7}.AppStore|iPhone.Build.0 = Debug|Any CPU
		{2F380FD1-FBBA-40D9-A2B0-8C0446822DA7}.AppStore|iPhoneSimulator.ActiveCfg = Debug|Any CPU
		{2F380FD1-FBBA-40D9-A2B0-8C0446822DA7}.AppStore|iPhoneSimulator.Build.0 = Debug|Any CPU
		{2F380FD1-FBBA-40D9-A2B0-8C0446822DA7}.AppStore|x64.ActiveCfg = Debug|Any CPU
		{2F380FD1-FBBA-40D9-A2B0-8C0446822DA7}.AppStore|x64.Build.0 = Debug|Any CPU
		{2F380FD1-FBBA-40D9-A2B0-8C0446822DA7}.AppStore|x86.ActiveCfg = Debug|Any CPU
		{2F380FD1-FBBA-40D9-A2B0-8C0446822DA7}.AppStore|x86.Build.0 = Debug|Any CPU
		{2F380FD1-FBBA-40D9-A2B0-8C0446822DA7}.Debug|Any CPU.ActiveCfg = Debug|Any CPU
		{2F380FD1-FBBA-40D9-A2B0-8C0446822DA7}.Debug|Any CPU.Build.0 = Debug|Any CPU
		{2F380FD1-FBBA-40D9-A2B0-8C0446822DA7}.Debug|ARM.ActiveCfg = Debug|Any CPU
		{2F380FD1-FBBA-40D9-A2B0-8C0446822DA7}.Debug|ARM.Build.0 = Debug|Any CPU
		{2F380FD1-FBBA-40D9-A2B0-8C0446822DA7}.Debug|iPhone.ActiveCfg = Debug|Any CPU
		{2F380FD1-FBBA-40D9-A2B0-8C0446822DA7}.Debug|iPhone.Build.0 = Debug|Any CPU
		{2F380FD1-FBBA-40D9-A2B0-8C0446822DA7}.Debug|iPhoneSimulator.ActiveCfg = Debug|Any CPU
		{2F380FD1-FBBA-40D9-A2B0-8C0446822DA7}.Debug|iPhoneSimulator.Build.0 = Debug|Any CPU
		{2F380FD1-FBBA-40D9-A2B0-8C0446822DA7}.Debug|x64.ActiveCfg = Debug|Any CPU
		{2F380FD1-FBBA-40D9-A2B0-8C0446822DA7}.Debug|x64.Build.0 = Debug|Any CPU
		{2F380FD1-FBBA-40D9-A2B0-8C0446822DA7}.Debug|x86.ActiveCfg = Debug|Any CPU
		{2F380FD1-FBBA-40D9-A2B0-8C0446822DA7}.Debug|x86.Build.0 = Debug|Any CPU
		{2F380FD1-FBBA-40D9-A2B0-8C0446822DA7}.Release|Any CPU.ActiveCfg = Release|Any CPU
		{2F380FD1-FBBA-40D9-A2B0-8C0446822DA7}.Release|Any CPU.Build.0 = Release|Any CPU
		{2F380FD1-FBBA-40D9-A2B0-8C0446822DA7}.Release|ARM.ActiveCfg = Release|Any CPU
		{2F380FD1-FBBA-40D9-A2B0-8C0446822DA7}.Release|ARM.Build.0 = Release|Any CPU
		{2F380FD1-FBBA-40D9-A2B0-8C0446822DA7}.Release|iPhone.ActiveCfg = Release|Any CPU
		{2F380FD1-FBBA-40D9-A2B0-8C0446822DA7}.Release|iPhone.Build.0 = Release|Any CPU
		{2F380FD1-FBBA-40D9-A2B0-8C0446822DA7}.Release|iPhoneSimulator.ActiveCfg = Release|Any CPU
		{2F380FD1-FBBA-40D9-A2B0-8C0446822DA7}.Release|iPhoneSimulator.Build.0 = Release|Any CPU
		{2F380FD1-FBBA-40D9-A2B0-8C0446822DA7}.Release|x64.ActiveCfg = Release|Any CPU
		{2F380FD1-FBBA-40D9-A2B0-8C0446822DA7}.Release|x64.Build.0 = Release|Any CPU
		{2F380FD1-FBBA-40D9-A2B0-8C0446822DA7}.Release|x86.ActiveCfg = Release|Any CPU
		{2F380FD1-FBBA-40D9-A2B0-8C0446822DA7}.Release|x86.Build.0 = Release|Any CPU
		{443380AF-5781-4939-8EB0-FA0B5D8FDB64}.Ad-Hoc|Any CPU.ActiveCfg = Release|x86
		{443380AF-5781-4939-8EB0-FA0B5D8FDB64}.Ad-Hoc|Any CPU.Build.0 = Release|x86
		{443380AF-5781-4939-8EB0-FA0B5D8FDB64}.Ad-Hoc|Any CPU.Deploy.0 = Release|x86
		{443380AF-5781-4939-8EB0-FA0B5D8FDB64}.Ad-Hoc|ARM.ActiveCfg = Release|ARM
		{443380AF-5781-4939-8EB0-FA0B5D8FDB64}.Ad-Hoc|ARM.Build.0 = Release|ARM
		{443380AF-5781-4939-8EB0-FA0B5D8FDB64}.Ad-Hoc|ARM.Deploy.0 = Release|ARM
		{443380AF-5781-4939-8EB0-FA0B5D8FDB64}.Ad-Hoc|iPhone.ActiveCfg = Release|x86
		{443380AF-5781-4939-8EB0-FA0B5D8FDB64}.Ad-Hoc|iPhone.Build.0 = Release|x86
		{443380AF-5781-4939-8EB0-FA0B5D8FDB64}.Ad-Hoc|iPhone.Deploy.0 = Release|x86
		{443380AF-5781-4939-8EB0-FA0B5D8FDB64}.Ad-Hoc|iPhoneSimulator.ActiveCfg = Release|x86
		{443380AF-5781-4939-8EB0-FA0B5D8FDB64}.Ad-Hoc|iPhoneSimulator.Build.0 = Release|x86
		{443380AF-5781-4939-8EB0-FA0B5D8FDB64}.Ad-Hoc|iPhoneSimulator.Deploy.0 = Release|x86
		{443380AF-5781-4939-8EB0-FA0B5D8FDB64}.Ad-Hoc|x64.ActiveCfg = Release|x64
		{443380AF-5781-4939-8EB0-FA0B5D8FDB64}.Ad-Hoc|x64.Build.0 = Release|x64
		{443380AF-5781-4939-8EB0-FA0B5D8FDB64}.Ad-Hoc|x64.Deploy.0 = Release|x64
		{443380AF-5781-4939-8EB0-FA0B5D8FDB64}.Ad-Hoc|x86.ActiveCfg = Release|x86
		{443380AF-5781-4939-8EB0-FA0B5D8FDB64}.Ad-Hoc|x86.Build.0 = Release|x86
		{443380AF-5781-4939-8EB0-FA0B5D8FDB64}.Ad-Hoc|x86.Deploy.0 = Release|x86
		{443380AF-5781-4939-8EB0-FA0B5D8FDB64}.AppStore|Any CPU.ActiveCfg = Release|x86
		{443380AF-5781-4939-8EB0-FA0B5D8FDB64}.AppStore|Any CPU.Build.0 = Release|x86
		{443380AF-5781-4939-8EB0-FA0B5D8FDB64}.AppStore|Any CPU.Deploy.0 = Release|x86
		{443380AF-5781-4939-8EB0-FA0B5D8FDB64}.AppStore|ARM.ActiveCfg = Release|ARM
		{443380AF-5781-4939-8EB0-FA0B5D8FDB64}.AppStore|ARM.Build.0 = Release|ARM
		{443380AF-5781-4939-8EB0-FA0B5D8FDB64}.AppStore|ARM.Deploy.0 = Release|ARM
		{443380AF-5781-4939-8EB0-FA0B5D8FDB64}.AppStore|iPhone.ActiveCfg = Release|x86
		{443380AF-5781-4939-8EB0-FA0B5D8FDB64}.AppStore|iPhone.Build.0 = Release|x86
		{443380AF-5781-4939-8EB0-FA0B5D8FDB64}.AppStore|iPhone.Deploy.0 = Release|x86
		{443380AF-5781-4939-8EB0-FA0B5D8FDB64}.AppStore|iPhoneSimulator.ActiveCfg = Release|x86
		{443380AF-5781-4939-8EB0-FA0B5D8FDB64}.AppStore|iPhoneSimulator.Build.0 = Release|x86
		{443380AF-5781-4939-8EB0-FA0B5D8FDB64}.AppStore|iPhoneSimulator.Deploy.0 = Release|x86
		{443380AF-5781-4939-8EB0-FA0B5D8FDB64}.AppStore|x64.ActiveCfg = Release|x64
		{443380AF-5781-4939-8EB0-FA0B5D8FDB64}.AppStore|x64.Build.0 = Release|x64
		{443380AF-5781-4939-8EB0-FA0B5D8FDB64}.AppStore|x64.Deploy.0 = Release|x64
		{443380AF-5781-4939-8EB0-FA0B5D8FDB64}.AppStore|x86.ActiveCfg = Release|x86
		{443380AF-5781-4939-8EB0-FA0B5D8FDB64}.AppStore|x86.Build.0 = Release|x86
		{443380AF-5781-4939-8EB0-FA0B5D8FDB64}.AppStore|x86.Deploy.0 = Release|x86
		{443380AF-5781-4939-8EB0-FA0B5D8FDB64}.Debug|Any CPU.ActiveCfg = Debug|x86
		{443380AF-5781-4939-8EB0-FA0B5D8FDB64}.Debug|Any CPU.Build.0 = Debug|x86
		{443380AF-5781-4939-8EB0-FA0B5D8FDB64}.Debug|Any CPU.Deploy.0 = Debug|x86
		{443380AF-5781-4939-8EB0-FA0B5D8FDB64}.Debug|ARM.ActiveCfg = Debug|ARM
		{443380AF-5781-4939-8EB0-FA0B5D8FDB64}.Debug|ARM.Build.0 = Debug|ARM
		{443380AF-5781-4939-8EB0-FA0B5D8FDB64}.Debug|ARM.Deploy.0 = Debug|ARM
		{443380AF-5781-4939-8EB0-FA0B5D8FDB64}.Debug|iPhone.ActiveCfg = Debug|x86
		{443380AF-5781-4939-8EB0-FA0B5D8FDB64}.Debug|iPhoneSimulator.ActiveCfg = Debug|x86
		{443380AF-5781-4939-8EB0-FA0B5D8FDB64}.Debug|x64.ActiveCfg = Debug|x64
		{443380AF-5781-4939-8EB0-FA0B5D8FDB64}.Debug|x64.Build.0 = Debug|x64
		{443380AF-5781-4939-8EB0-FA0B5D8FDB64}.Debug|x64.Deploy.0 = Debug|x64
		{443380AF-5781-4939-8EB0-FA0B5D8FDB64}.Debug|x86.ActiveCfg = Debug|x86
		{443380AF-5781-4939-8EB0-FA0B5D8FDB64}.Debug|x86.Build.0 = Debug|x86
		{443380AF-5781-4939-8EB0-FA0B5D8FDB64}.Debug|x86.Deploy.0 = Debug|x86
		{443380AF-5781-4939-8EB0-FA0B5D8FDB64}.Release|Any CPU.ActiveCfg = Release|x86
		{443380AF-5781-4939-8EB0-FA0B5D8FDB64}.Release|ARM.ActiveCfg = Release|ARM
		{443380AF-5781-4939-8EB0-FA0B5D8FDB64}.Release|ARM.Build.0 = Release|ARM
		{443380AF-5781-4939-8EB0-FA0B5D8FDB64}.Release|ARM.Deploy.0 = Release|ARM
		{443380AF-5781-4939-8EB0-FA0B5D8FDB64}.Release|iPhone.ActiveCfg = Release|x86
		{443380AF-5781-4939-8EB0-FA0B5D8FDB64}.Release|iPhoneSimulator.ActiveCfg = Release|x86
		{443380AF-5781-4939-8EB0-FA0B5D8FDB64}.Release|x64.ActiveCfg = Release|x64
		{443380AF-5781-4939-8EB0-FA0B5D8FDB64}.Release|x64.Build.0 = Release|x64
		{443380AF-5781-4939-8EB0-FA0B5D8FDB64}.Release|x64.Deploy.0 = Release|x64
		{443380AF-5781-4939-8EB0-FA0B5D8FDB64}.Release|x86.ActiveCfg = Release|x86
		{443380AF-5781-4939-8EB0-FA0B5D8FDB64}.Release|x86.Build.0 = Release|x86
		{443380AF-5781-4939-8EB0-FA0B5D8FDB64}.Release|x86.Deploy.0 = Release|x86
		{EF52D5BF-E4D8-49B5-BE0F-883FE95F8489}.Ad-Hoc|Any CPU.ActiveCfg = Debug|Any CPU
		{EF52D5BF-E4D8-49B5-BE0F-883FE95F8489}.Ad-Hoc|Any CPU.Build.0 = Debug|Any CPU
		{EF52D5BF-E4D8-49B5-BE0F-883FE95F8489}.Ad-Hoc|ARM.ActiveCfg = Debug|Any CPU
		{EF52D5BF-E4D8-49B5-BE0F-883FE95F8489}.Ad-Hoc|ARM.Build.0 = Debug|Any CPU
		{EF52D5BF-E4D8-49B5-BE0F-883FE95F8489}.Ad-Hoc|iPhone.ActiveCfg = Debug|Any CPU
		{EF52D5BF-E4D8-49B5-BE0F-883FE95F8489}.Ad-Hoc|iPhone.Build.0 = Debug|Any CPU
		{EF52D5BF-E4D8-49B5-BE0F-883FE95F8489}.Ad-Hoc|iPhoneSimulator.ActiveCfg = Debug|Any CPU
		{EF52D5BF-E4D8-49B5-BE0F-883FE95F8489}.Ad-Hoc|iPhoneSimulator.Build.0 = Debug|Any CPU
		{EF52D5BF-E4D8-49B5-BE0F-883FE95F8489}.Ad-Hoc|x64.ActiveCfg = Debug|Any CPU
		{EF52D5BF-E4D8-49B5-BE0F-883FE95F8489}.Ad-Hoc|x64.Build.0 = Debug|Any CPU
		{EF52D5BF-E4D8-49B5-BE0F-883FE95F8489}.Ad-Hoc|x86.ActiveCfg = Debug|Any CPU
		{EF52D5BF-E4D8-49B5-BE0F-883FE95F8489}.Ad-Hoc|x86.Build.0 = Debug|Any CPU
		{EF52D5BF-E4D8-49B5-BE0F-883FE95F8489}.AppStore|Any CPU.ActiveCfg = Debug|Any CPU
		{EF52D5BF-E4D8-49B5-BE0F-883FE95F8489}.AppStore|Any CPU.Build.0 = Debug|Any CPU
		{EF52D5BF-E4D8-49B5-BE0F-883FE95F8489}.AppStore|ARM.ActiveCfg = Debug|Any CPU
		{EF52D5BF-E4D8-49B5-BE0F-883FE95F8489}.AppStore|ARM.Build.0 = Debug|Any CPU
		{EF52D5BF-E4D8-49B5-BE0F-883FE95F8489}.AppStore|iPhone.ActiveCfg = Debug|Any CPU
		{EF52D5BF-E4D8-49B5-BE0F-883FE95F8489}.AppStore|iPhone.Build.0 = Debug|Any CPU
		{EF52D5BF-E4D8-49B5-BE0F-883FE95F8489}.AppStore|iPhoneSimulator.ActiveCfg = Debug|Any CPU
		{EF52D5BF-E4D8-49B5-BE0F-883FE95F8489}.AppStore|iPhoneSimulator.Build.0 = Debug|Any CPU
		{EF52D5BF-E4D8-49B5-BE0F-883FE95F8489}.AppStore|x64.ActiveCfg = Debug|Any CPU
		{EF52D5BF-E4D8-49B5-BE0F-883FE95F8489}.AppStore|x64.Build.0 = Debug|Any CPU
		{EF52D5BF-E4D8-49B5-BE0F-883FE95F8489}.AppStore|x86.ActiveCfg = Debug|Any CPU
		{EF52D5BF-E4D8-49B5-BE0F-883FE95F8489}.AppStore|x86.Build.0 = Debug|Any CPU
		{EF52D5BF-E4D8-49B5-BE0F-883FE95F8489}.Debug|Any CPU.ActiveCfg = Debug|Any CPU
		{EF52D5BF-E4D8-49B5-BE0F-883FE95F8489}.Debug|Any CPU.Build.0 = Debug|Any CPU
		{EF52D5BF-E4D8-49B5-BE0F-883FE95F8489}.Debug|ARM.ActiveCfg = Debug|Any CPU
		{EF52D5BF-E4D8-49B5-BE0F-883FE95F8489}.Debug|ARM.Build.0 = Debug|Any CPU
		{EF52D5BF-E4D8-49B5-BE0F-883FE95F8489}.Debug|iPhone.ActiveCfg = Debug|Any CPU
		{EF52D5BF-E4D8-49B5-BE0F-883FE95F8489}.Debug|iPhone.Build.0 = Debug|Any CPU
		{EF52D5BF-E4D8-49B5-BE0F-883FE95F8489}.Debug|iPhoneSimulator.ActiveCfg = Debug|Any CPU
		{EF52D5BF-E4D8-49B5-BE0F-883FE95F8489}.Debug|iPhoneSimulator.Build.0 = Debug|Any CPU
		{EF52D5BF-E4D8-49B5-BE0F-883FE95F8489}.Debug|x64.ActiveCfg = Debug|Any CPU
		{EF52D5BF-E4D8-49B5-BE0F-883FE95F8489}.Debug|x64.Build.0 = Debug|Any CPU
		{EF52D5BF-E4D8-49B5-BE0F-883FE95F8489}.Debug|x86.ActiveCfg = Debug|Any CPU
		{EF52D5BF-E4D8-49B5-BE0F-883FE95F8489}.Debug|x86.Build.0 = Debug|Any CPU
		{EF52D5BF-E4D8-49B5-BE0F-883FE95F8489}.Release|Any CPU.ActiveCfg = Release|Any CPU
		{EF52D5BF-E4D8-49B5-BE0F-883FE95F8489}.Release|Any CPU.Build.0 = Release|Any CPU
		{EF52D5BF-E4D8-49B5-BE0F-883FE95F8489}.Release|ARM.ActiveCfg = Release|Any CPU
		{EF52D5BF-E4D8-49B5-BE0F-883FE95F8489}.Release|ARM.Build.0 = Release|Any CPU
		{EF52D5BF-E4D8-49B5-BE0F-883FE95F8489}.Release|iPhone.ActiveCfg = Release|Any CPU
		{EF52D5BF-E4D8-49B5-BE0F-883FE95F8489}.Release|iPhone.Build.0 = Release|Any CPU
		{EF52D5BF-E4D8-49B5-BE0F-883FE95F8489}.Release|iPhoneSimulator.ActiveCfg = Release|Any CPU
		{EF52D5BF-E4D8-49B5-BE0F-883FE95F8489}.Release|iPhoneSimulator.Build.0 = Release|Any CPU
		{EF52D5BF-E4D8-49B5-BE0F-883FE95F8489}.Release|x64.ActiveCfg = Release|Any CPU
		{EF52D5BF-E4D8-49B5-BE0F-883FE95F8489}.Release|x64.Build.0 = Release|Any CPU
		{EF52D5BF-E4D8-49B5-BE0F-883FE95F8489}.Release|x86.ActiveCfg = Release|Any CPU
		{EF52D5BF-E4D8-49B5-BE0F-883FE95F8489}.Release|x86.Build.0 = Release|Any CPU
	EndGlobalSection
	GlobalSection(SolutionProperties) = preSolution
		HideSolutionNode = FALSE
	EndGlobalSection
	GlobalSection(NestedProjects) = preSolution
		{8273309B-D592-4CC4-B6F7-BFD5D3CB6DBB} = {358B94C7-A85E-4F16-8BD1-EA4170E5348D}
		{2F380FD1-FBBA-40D9-A2B0-8C0446822DA7} = {358B94C7-A85E-4F16-8BD1-EA4170E5348D}
		{443380AF-5781-4939-8EB0-FA0B5D8FDB64} = {2FA679F3-7440-4BAD-BEBF-041BE22161BD}
		{EF52D5BF-E4D8-49B5-BE0F-883FE95F8489} = {2FA679F3-7440-4BAD-BEBF-041BE22161BD}
	EndGlobalSection
	GlobalSection(ExtensibilityGlobals) = postSolution
		SolutionGuid = {E09EB918-9822-4312-B9A7-9DE6ABB5BDDD}
	EndGlobalSection
EndGlobal
