
Microsoft Visual Studio Solution File, Format Version 12.00
# Visual Studio 15
VisualStudioVersion = 15.0.27428.2011
MinimumVisualStudioVersion = 10.0.40219.1
Project("{FAE04EC0-301F-11D3-BF4B-00C04F79EFBC}") = "FATestShared.Android", "FATestShared\FATestShared.Android\FATestShared.Android.csproj", "{FF83F970-72E1-45B9-94EC-66899EFEF9EF}"
EndProject
Project("{FAE04EC0-301F-11D3-BF4B-00C04F79EFBC}") = "FATestShared.iOS", "FATestShared\FATestShared.iOS\FATestShared.iOS.csproj", "{1CD411CF-93A2-4714-8A12-37B5AB0C92EE}"
EndProject
Project("{FAE04EC0-301F-11D3-BF4B-00C04F79EFBC}") = "FATestShared.UWP", "FATestShared\FATestShared.UWP\FATestShared.UWP.csproj", "{443380AF-5781-4939-8EB0-FA0B5D8FDB64}"
EndProject
Project("{9A19103F-16F7-4668-BE54-9A1E7A4F7556}") = "FATestShared", "FATestShared\FATestShared\FATestShared.csproj", "{EF52D5BF-E4D8-49B5-BE0F-883FE95F8489}"
EndProject
Global
	GlobalSection(SolutionConfigurationPlatforms) = preSolution
		Ad-Hoc|Any CPU = Ad-Hoc|Any CPU
		Ad-Hoc|ARM = Ad-Hoc|ARM
		Ad-Hoc|iPhone = Ad-Hoc|iPhone
		Ad-Hoc|iPhoneSimulator = Ad-Hoc|iPhoneSimulator
		Ad-Hoc|x64 = Ad-Hoc|x64
		Ad-Hoc|x86 = Ad-Hoc|x86
		AppStore|Any CPU = AppStore|Any CPU
		AppStore|ARM = AppStore|ARM
		AppStore|iPhone = AppStore|iPhone
		AppStore|iPhoneSimulator = AppStore|iPhoneSimulator
		AppStore|x64 = AppStore|x64
		AppStore|x86 = AppStore|x86
		Debug|Any CPU = Debug|Any CPU
		Debug|ARM = Debug|ARM
		Debug|iPhone = Debug|iPhone
		Debug|iPhoneSimulator = Debug|iPhoneSimulator
		Debug|x64 = Debug|x64
		Debug|x86 = Debug|x86
		Release|Any CPU = Release|Any CPU
		Release|ARM = Release|ARM
		Release|iPhone = Release|iPhone
		Release|iPhoneSimulator = Release|iPhoneSimulator
		Release|x64 = Release|x64
		Release|x86 = Release|x86
	EndGlobalSection
	GlobalSection(ProjectConfigurationPlatforms) = postSolution
		{FF83F970-72E1-45B9-94EC-66899EFEF9EF}.Ad-Hoc|Any CPU.ActiveCfg = Release|Any CPU
		{FF83F970-72E1-45B9-94EC-66899EFEF9EF}.Ad-Hoc|Any CPU.Build.0 = Release|Any CPU
		{FF83F970-72E1-45B9-94EC-66899EFEF9EF}.Ad-Hoc|Any CPU.Deploy.0 = Release|Any CPU
		{FF83F970-72E1-45B9-94EC-66899EFEF9EF}.Ad-Hoc|ARM.ActiveCfg = Release|Any CPU
		{FF83F970-72E1-45B9-94EC-66899EFEF9EF}.Ad-Hoc|ARM.Build.0 = Release|Any CPU
		{FF83F970-72E1-45B9-94EC-66899EFEF9EF}.Ad-Hoc|ARM.Deploy.0 = Release|Any CPU
		{FF83F970-72E1-45B9-94EC-66899EFEF9EF}.Ad-Hoc|iPhone.ActiveCfg = Release|Any CPU
		{FF83F970-72E1-45B9-94EC-66899EFEF9EF}.Ad-Hoc|iPhone.Build.0 = Release|Any CPU
		{FF83F970-72E1-45B9-94EC-66899EFEF9EF}.Ad-Hoc|iPhone.Deploy.0 = Release|Any CPU
		{FF83F970-72E1-45B9-94EC-66899EFEF9EF}.Ad-Hoc|iPhoneSimulator.ActiveCfg = Release|Any CPU
		{FF83F970-72E1-45B9-94EC-66899EFEF9EF}.Ad-Hoc|iPhoneSimulator.Build.0 = Release|Any CPU
		{FF83F970-72E1-45B9-94EC-66899EFEF9EF}.Ad-Hoc|iPhoneSimulator.Deploy.0 = Release|Any CPU
		{FF83F970-72E1-45B9-94EC-66899EFEF9EF}.Ad-Hoc|x64.ActiveCfg = Release|Any CPU
		{FF83F970-72E1-45B9-94EC-66899EFEF9EF}.Ad-Hoc|x64.Build.0 = Release|Any CPU
		{FF83F970-72E1-45B9-94EC-66899EFEF9EF}.Ad-Hoc|x64.Deploy.0 = Release|Any CPU
		{FF83F970-72E1-45B9-94EC-66899EFEF9EF}.Ad-Hoc|x86.ActiveCfg = Release|Any CPU
		{FF83F970-72E1-45B9-94EC-66899EFEF9EF}.Ad-Hoc|x86.Build.0 = Release|Any CPU
		{FF83F970-72E1-45B9-94EC-66899EFEF9EF}.Ad-Hoc|x86.Deploy.0 = Release|Any CPU
		{FF83F970-72E1-45B9-94EC-66899EFEF9EF}.AppStore|Any CPU.ActiveCfg = Release|Any CPU
		{FF83F970-72E1-45B9-94EC-66899EFEF9EF}.AppStore|Any CPU.Build.0 = Release|Any CPU
		{FF83F970-72E1-45B9-94EC-66899EFEF9EF}.AppStore|Any CPU.Deploy.0 = Release|Any CPU
		{FF83F970-72E1-45B9-94EC-66899EFEF9EF}.AppStore|ARM.ActiveCfg = Release|Any CPU
		{FF83F970-72E1-45B9-94EC-66899EFEF9EF}.AppStore|ARM.Build.0 = Release|Any CPU
		{FF83F970-72E1-45B9-94EC-66899EFEF9EF}.AppStore|ARM.Deploy.0 = Release|Any CPU
		{FF83F970-72E1-45B9-94EC-66899EFEF9EF}.AppStore|iPhone.ActiveCfg = Release|Any CPU
		{FF83F970-72E1-45B9-94EC-66899EFEF9EF}.AppStore|iPhone.Build.0 = Release|Any CPU
		{FF83F970-72E1-45B9-94EC-66899EFEF9EF}.AppStore|iPhone.Deploy.0 = Release|Any CPU
		{FF83F970-72E1-45B9-94EC-66899EFEF9EF}.AppStore|iPhoneSimulator.ActiveCfg = Release|Any CPU
		{FF83F970-72E1-45B9-94EC-66899EFEF9EF}.AppStore|iPhoneSimulator.Build.0 = Release|Any CPU
		{FF83F970-72E1-45B9-94EC-66899EFEF9EF}.AppStore|iPhoneSimulator.Deploy.0 = Release|Any CPU
		{FF83F970-72E1-45B9-94EC-66899EFEF9EF}.AppStore|x64.ActiveCfg = Release|Any CPU
		{FF83F970-72E1-45B9-94EC-66899EFEF9EF}.AppStore|x64.Build.0 = Release|Any CPU
		{FF83F970-72E1-45B9-94EC-66899EFEF9EF}.AppStore|x64.Deploy.0 = Release|Any CPU
		{FF83F970-72E1-45B9-94EC-66899EFEF9EF}.AppStore|x86.ActiveCfg = Release|Any CPU
		{FF83F970-72E1-45B9-94EC-66899EFEF9EF}.AppStore|x86.Build.0 = Release|Any CPU
		{FF83F970-72E1-45B9-94EC-66899EFEF9EF}.AppStore|x86.Deploy.0 = Release|Any CPU
		{FF83F970-72E1-45B9-94EC-66899EFEF9EF}.Debug|Any CPU.ActiveCfg = Debug|Any CPU
		{FF83F970-72E1-45B9-94EC-66899EFEF9EF}.Debug|Any CPU.Build.0 = Debug|Any CPU
		{FF83F970-72E1-45B9-94EC-66899EFEF9EF}.Debug|Any CPU.Deploy.0 = Debug|Any CPU
		{FF83F970-72E1-45B9-94EC-66899EFEF9EF}.Debug|ARM.ActiveCfg = Debug|Any CPU
		{FF83F970-72E1-45B9-94EC-66899EFEF9EF}.Debug|ARM.Build.0 = Debug|Any CPU
		{FF83F970-72E1-45B9-94EC-66899EFEF9EF}.Debug|ARM.Deploy.0 = Debug|Any CPU
		{FF83F970-72E1-45B9-94EC-66899EFEF9EF}.Debug|iPhone.ActiveCfg = Debug|Any CPU
		{FF83F970-72E1-45B9-94EC-66899EFEF9EF}.Debug|iPhone.Build.0 = Debug|Any CPU
		{FF83F970-72E1-45B9-94EC-66899EFEF9EF}.Debug|iPhone.Deploy.0 = Debug|Any CPU
		{FF83F970-72E1-45B9-94EC-66899EFEF9EF}.Debug|iPhoneSimulator.ActiveCfg = Debug|Any CPU
		{FF83F970-72E1-45B9-94EC-66899EFEF9EF}.Debug|iPhoneSimulator.Build.0 = Debug|Any CPU
		{FF83F970-72E1-45B9-94EC-66899EFEF9EF}.Debug|iPhoneSimulator.Deploy.0 = Debug|Any CPU
		{FF83F970-72E1-45B9-94EC-66899EFEF9EF}.Debug|x64.ActiveCfg = Debug|Any CPU
		{FF83F970-72E1-45B9-94EC-66899EFEF9EF}.Debug|x64.Build.0 = Debug|Any CPU
		{FF83F970-72E1-45B9-94EC-66899EFEF9EF}.Debug|x64.Deploy.0 = Debug|Any CPU
		{FF83F970-72E1-45B9-94EC-66899EFEF9EF}.Debug|x86.ActiveCfg = Debug|Any CPU
		{FF83F970-72E1-45B9-94EC-66899EFEF9EF}.Debug|x86.Build.0 = Debug|Any CPU
		{FF83F970-72E1-45B9-94EC-66899EFEF9EF}.Debug|x86.Deploy.0 = Debug|Any CPU
		{FF83F970-72E1-45B9-94EC-66899EFEF9EF}.Release|Any CPU.ActiveCfg = Release|Any CPU
		{FF83F970-72E1-45B9-94EC-66899EFEF9EF}.Release|Any CPU.Build.0 = Release|Any CPU
		{FF83F970-72E1-45B9-94EC-66899EFEF9EF}.Release|Any CPU.Deploy.0 = Release|Any CPU
		{FF83F970-72E1-45B9-94EC-66899EFEF9EF}.Release|ARM.ActiveCfg = Release|Any CPU
		{FF83F970-72E1-45B9-94EC-66899EFEF9EF}.Release|ARM.Build.0 = Release|Any CPU
		{FF83F970-72E1-45B9-94EC-66899EFEF9EF}.Release|ARM.Deploy.0 = Release|Any CPU
		{FF83F970-72E1-45B9-94EC-66899EFEF9EF}.Release|iPhone.ActiveCfg = Release|Any CPU
		{FF83F970-72E1-45B9-94EC-66899EFEF9EF}.Release|iPhone.Build.0 = Release|Any CPU
		{FF83F970-72E1-45B9-94EC-66899EFEF9EF}.Release|iPhone.Deploy.0 = Release|Any CPU
		{FF83F970-72E1-45B9-94EC-66899EFEF9EF}.Release|iPhoneSimulator.ActiveCfg = Release|Any CPU
		{FF83F970-72E1-45B9-94EC-66899EFEF9EF}.Release|iPhoneSimulator.Build.0 = Release|Any CPU
		{FF83F970-72E1-45B9-94EC-66899EFEF9EF}.Release|iPhoneSimulator.Deploy.0 = Release|Any CPU
		{FF83F970-72E1-45B9-94EC-66899EFEF9EF}.Release|x64.ActiveCfg = Release|Any CPU
		{FF83F970-72E1-45B9-94EC-66899EFEF9EF}.Release|x64.Build.0 = Release|Any CPU
		{FF83F970-72E1-45B9-94EC-66899EFEF9EF}.Release|x64.Deploy.0 = Release|Any CPU
		{FF83F970-72E1-45B9-94EC-66899EFEF9EF}.Release|x86.ActiveCfg = Release|Any CPU
		{FF83F970-72E1-45B9-94EC-66899EFEF9EF}.Release|x86.Build.0 = Release|Any CPU
		{FF83F970-72E1-45B9-94EC-66899EFEF9EF}.Release|x86.Deploy.0 = Release|Any CPU
		{1CD411CF-93A2-4714-8A12-37B5AB0C92EE}.Ad-Hoc|Any CPU.ActiveCfg = Ad-Hoc|iPhone
		{1CD411CF-93A2-4714-8A12-37B5AB0C92EE}.Ad-Hoc|ARM.ActiveCfg = Ad-Hoc|iPhone
		{1CD411CF-93A2-4714-8A12-37B5AB0C92EE}.Ad-Hoc|iPhone.ActiveCfg = Ad-Hoc|iPhone
		{1CD411CF-93A2-4714-8A12-37B5AB0C92EE}.Ad-Hoc|iPhone.Build.0 = Ad-Hoc|iPhone
		{1CD411CF-93A2-4714-8A12-37B5AB0C92EE}.Ad-Hoc|iPhoneSimulator.ActiveCfg = Ad-Hoc|iPhoneSimulator
		{1CD411CF-93A2-4714-8A12-37B5AB0C92EE}.Ad-Hoc|iPhoneSimulator.Build.0 = Ad-Hoc|iPhoneSimulator
		{1CD411CF-93A2-4714-8A12-37B5AB0C92EE}.Ad-Hoc|x64.ActiveCfg = Ad-Hoc|iPhone
		{1CD411CF-93A2-4714-8A12-37B5AB0C92EE}.Ad-Hoc|x86.ActiveCfg = Ad-Hoc|iPhone
		{1CD411CF-93A2-4714-8A12-37B5AB0C92EE}.AppStore|Any CPU.ActiveCfg = AppStore|iPhone
		{1CD411CF-93A2-4714-8A12-37B5AB0C92EE}.AppStore|ARM.ActiveCfg = AppStore|iPhone
		{1CD411CF-93A2-4714-8A12-37B5AB0C92EE}.AppStore|iPhone.ActiveCfg = AppStore|iPhone
		{1CD411CF-93A2-4714-8A12-37B5AB0C92EE}.AppStore|iPhone.Build.0 = AppStore|iPhone
		{1CD411CF-93A2-4714-8A12-37B5AB0C92EE}.AppStore|iPhoneSimulator.ActiveCfg = AppStore|iPhoneSimulator
		{1CD411CF-93A2-4714-8A12-37B5AB0C92EE}.AppStore|iPhoneSimulator.Build.0 = AppStore|iPhoneSimulator
		{1CD411CF-93A2-4714-8A12-37B5AB0C92EE}.AppStore|x64.ActiveCfg = AppStore|iPhone
		{1CD411CF-93A2-4714-8A12-37B5AB0C92EE}.AppStore|x86.ActiveCfg = AppStore|iPhone
		{1CD411CF-93A2-4714-8A12-37B5AB0C92EE}.Debug|Any CPU.ActiveCfg = Debug|iPhone
		{1CD411CF-93A2-4714-8A12-37B5AB0C92EE}.Debug|ARM.ActiveCfg = Debug|iPhone
		{1CD411CF-93A2-4714-8A12-37B5AB0C92EE}.Debug|iPhone.ActiveCfg = Debug|iPhone
		{1CD411CF-93A2-4714-8A12-37B5AB0C92EE}.Debug|iPhone.Build.0 = Debug|iPhone
		{1CD411CF-93A2-4714-8A12-37B5AB0C92EE}.Debug|iPhoneSimulator.ActiveCfg = Debug|iPhoneSimulator
		{1CD411CF-93A2-4714-8A12-37B5AB0C92EE}.Debug|iPhoneSimulator.Build.0 = Debug|iPhoneSimulator
		{1CD411CF-93A2-4714-8A12-37B5AB0C92EE}.Debug|x64.ActiveCfg = Debug|iPhone
		{1CD411CF-93A2-4714-8A12-37B5AB0C92EE}.Debug|x86.ActiveCfg = Debug|iPhone
		{1CD411CF-93A2-4714-8A12-37B5AB0C92EE}.Release|Any CPU.ActiveCfg = Release|iPhone
		{1CD411CF-93A2-4714-8A12-37B5AB0C92EE}.Release|ARM.ActiveCfg = Release|iPhone
		{1CD411CF-93A2-4714-8A12-37B5AB0C92EE}.Release|iPhone.ActiveCfg = Release|iPhone
		{1CD411CF-93A2-4714-8A12-37B5AB0C92EE}.Release|iPhone.Build.0 = Release|iPhone
		{1CD411CF-93A2-4714-8A12-37B5AB0C92EE}.Release|iPhoneSimulator.ActiveCfg = Release|iPhoneSimulator
		{1CD411CF-93A2-4714-8A12-37B5AB0C92EE}.Release|iPhoneSimulator.Build.0 = Release|iPhoneSimulator
		{1CD411CF-93A2-4714-8A12-37B5AB0C92EE}.Release|x64.ActiveCfg = Release|iPhone
		{1CD411CF-93A2-4714-8A12-37B5AB0C92EE}.Release|x86.ActiveCfg = Release|iPhone
		{443380AF-5781-4939-8EB0-FA0B5D8FDB64}.Ad-Hoc|Any CPU.ActiveCfg = Release|x86
		{443380AF-5781-4939-8EB0-FA0B5D8FDB64}.Ad-Hoc|Any CPU.Build.0 = Release|x86
		{443380AF-5781-4939-8EB0-FA0B5D8FDB64}.Ad-Hoc|Any CPU.Deploy.0 = Release|x86
		{443380AF-5781-4939-8EB0-FA0B5D8FDB64}.Ad-Hoc|ARM.ActiveCfg = Release|ARM
		{443380AF-5781-4939-8EB0-FA0B5D8FDB64}.Ad-Hoc|ARM.Build.0 = Release|ARM
		{443380AF-5781-4939-8EB0-FA0B5D8FDB64}.Ad-Hoc|ARM.Deploy.0 = Release|ARM
		{443380AF-5781-4939-8EB0-FA0B5D8FDB64}.Ad-Hoc|iPhone.ActiveCfg = Release|x86
		{443380AF-5781-4939-8EB0-FA0B5D8FDB64}.Ad-Hoc|iPhone.Build.0 = Release|x86
		{443380AF-5781-4939-8EB0-FA0B5D8FDB64}.Ad-Hoc|iPhone.Deploy.0 = Release|x86
		{443380AF-5781-4939-8EB0-FA0B5D8FDB64}.Ad-Hoc|iPhoneSimulator.ActiveCfg = Release|x86
		{443380AF-5781-4939-8EB0-FA0B5D8FDB64}.Ad-Hoc|iPhoneSimulator.Build.0 = Release|x86
		{443380AF-5781-4939-8EB0-FA0B5D8FDB64}.Ad-Hoc|iPhoneSimulator.Deploy.0 = Release|x86
		{443380AF-5781-4939-8EB0-FA0B5D8FDB64}.Ad-Hoc|x64.ActiveCfg = Release|x64
		{443380AF-5781-4939-8EB0-FA0B5D8FDB64}.Ad-Hoc|x64.Build.0 = Release|x64
		{443380AF-5781-4939-8EB0-FA0B5D8FDB64}.Ad-Hoc|x64.Deploy.0 = Release|x64
		{443380AF-5781-4939-8EB0-FA0B5D8FDB64}.Ad-Hoc|x86.ActiveCfg = Release|x86
		{443380AF-5781-4939-8EB0-FA0B5D8FDB64}.Ad-Hoc|x86.Build.0 = Release|x86
		{443380AF-5781-4939-8EB0-FA0B5D8FDB64}.Ad-Hoc|x86.Deploy.0 = Release|x86
		{443380AF-5781-4939-8EB0-FA0B5D8FDB64}.AppStore|Any CPU.ActiveCfg = Release|x86
		{443380AF-5781-4939-8EB0-FA0B5D8FDB64}.AppStore|Any CPU.Build.0 = Release|x86
		{443380AF-5781-4939-8EB0-FA0B5D8FDB64}.AppStore|Any CPU.Deploy.0 = Release|x86
		{443380AF-5781-4939-8EB0-FA0B5D8FDB64}.AppStore|ARM.ActiveCfg = Release|ARM
		{443380AF-5781-4939-8EB0-FA0B5D8FDB64}.AppStore|ARM.Build.0 = Release|ARM
		{443380AF-5781-4939-8EB0-FA0B5D8FDB64}.AppStore|ARM.Deploy.0 = Release|ARM
		{443380AF-5781-4939-8EB0-FA0B5D8FDB64}.AppStore|iPhone.ActiveCfg = Release|x86
		{443380AF-5781-4939-8EB0-FA0B5D8FDB64}.AppStore|iPhone.Build.0 = Release|x86
		{443380AF-5781-4939-8EB0-FA0B5D8FDB64}.AppStore|iPhone.Deploy.0 = Release|x86
		{443380AF-5781-4939-8EB0-FA0B5D8FDB64}.AppStore|iPhoneSimulator.ActiveCfg = Release|x86
		{443380AF-5781-4939-8EB0-FA0B5D8FDB64}.AppStore|iPhoneSimulator.Build.0 = Release|x86
		{443380AF-5781-4939-8EB0-FA0B5D8FDB64}.AppStore|iPhoneSimulator.Deploy.0 = Release|x86
		{443380AF-5781-4939-8EB0-FA0B5D8FDB64}.AppStore|x64.ActiveCfg = Release|x64
		{443380AF-5781-4939-8EB0-FA0B5D8FDB64}.AppStore|x64.Build.0 = Release|x64
		{443380AF-5781-4939-8EB0-FA0B5D8FDB64}.AppStore|x64.Deploy.0 = Release|x64
		{443380AF-5781-4939-8EB0-FA0B5D8FDB64}.AppStore|x86.ActiveCfg = Release|x86
		{443380AF-5781-4939-8EB0-FA0B5D8FDB64}.AppStore|x86.Build.0 = Release|x86
		{443380AF-5781-4939-8EB0-FA0B5D8FDB64}.AppStore|x86.Deploy.0 = Release|x86
		{443380AF-5781-4939-8EB0-FA0B5D8FDB64}.Debug|Any CPU.ActiveCfg = Debug|x86
		{443380AF-5781-4939-8EB0-FA0B5D8FDB64}.Debug|ARM.ActiveCfg = Debug|ARM
		{443380AF-5781-4939-8EB0-FA0B5D8FDB64}.Debug|ARM.Build.0 = Debug|ARM
		{443380AF-5781-4939-8EB0-FA0B5D8FDB64}.Debug|ARM.Deploy.0 = Debug|ARM
		{443380AF-5781-4939-8EB0-FA0B5D8FDB64}.Debug|iPhone.ActiveCfg = Debug|x86
		{443380AF-5781-4939-8EB0-FA0B5D8FDB64}.Debug|iPhoneSimulator.ActiveCfg = Debug|x86
		{443380AF-5781-4939-8EB0-FA0B5D8FDB64}.Debug|x64.ActiveCfg = Debug|x64
		{443380AF-5781-4939-8EB0-FA0B5D8FDB64}.Debug|x64.Build.0 = Debug|x64
		{443380AF-5781-4939-8EB0-FA0B5D8FDB64}.Debug|x64.Deploy.0 = Debug|x64
		{443380AF-5781-4939-8EB0-FA0B5D8FDB64}.Debug|x86.ActiveCfg = Debug|x86
		{443380AF-5781-4939-8EB0-FA0B5D8FDB64}.Debug|x86.Build.0 = Debug|x86
		{443380AF-5781-4939-8EB0-FA0B5D8FDB64}.Debug|x86.Deploy.0 = Debug|x86
		{443380AF-5781-4939-8EB0-FA0B5D8FDB64}.Release|Any CPU.ActiveCfg = Release|x86
		{443380AF-5781-4939-8EB0-FA0B5D8FDB64}.Release|ARM.ActiveCfg = Release|ARM
		{443380AF-5781-4939-8EB0-FA0B5D8FDB64}.Release|ARM.Build.0 = Release|ARM
		{443380AF-5781-4939-8EB0-FA0B5D8FDB64}.Release|ARM.Deploy.0 = Release|ARM
		{443380AF-5781-4939-8EB0-FA0B5D8FDB64}.Release|iPhone.ActiveCfg = Release|x86
		{443380AF-5781-4939-8EB0-FA0B5D8FDB64}.Release|iPhoneSimulator.ActiveCfg = Release|x86
		{443380AF-5781-4939-8EB0-FA0B5D8FDB64}.Release|x64.ActiveCfg = Release|x64
		{443380AF-5781-4939-8EB0-FA0B5D8FDB64}.Release|x64.Build.0 = Release|x64
		{443380AF-5781-4939-8EB0-FA0B5D8FDB64}.Release|x64.Deploy.0 = Release|x64
		{443380AF-5781-4939-8EB0-FA0B5D8FDB64}.Release|x86.ActiveCfg = Release|x86
		{443380AF-5781-4939-8EB0-FA0B5D8FDB64}.Release|x86.Build.0 = Release|x86
		{443380AF-5781-4939-8EB0-FA0B5D8FDB64}.Release|x86.Deploy.0 = Release|x86
		{EF52D5BF-E4D8-49B5-BE0F-883FE95F8489}.Ad-Hoc|Any CPU.ActiveCfg = Debug|Any CPU
		{EF52D5BF-E4D8-49B5-BE0F-883FE95F8489}.Ad-Hoc|Any CPU.Build.0 = Debug|Any CPU
		{EF52D5BF-E4D8-49B5-BE0F-883FE95F8489}.Ad-Hoc|ARM.ActiveCfg = Debug|Any CPU
		{EF52D5BF-E4D8-49B5-BE0F-883FE95F8489}.Ad-Hoc|ARM.Build.0 = Debug|Any CPU
		{EF52D5BF-E4D8-49B5-BE0F-883FE95F8489}.Ad-Hoc|iPhone.ActiveCfg = Debug|Any CPU
		{EF52D5BF-E4D8-49B5-BE0F-883FE95F8489}.Ad-Hoc|iPhone.Build.0 = Debug|Any CPU
		{EF52D5BF-E4D8-49B5-BE0F-883FE95F8489}.Ad-Hoc|iPhoneSimulator.ActiveCfg = Debug|Any CPU
		{EF52D5BF-E4D8-49B5-BE0F-883FE95F8489}.Ad-Hoc|iPhoneSimulator.Build.0 = Debug|Any CPU
		{EF52D5BF-E4D8-49B5-BE0F-883FE95F8489}.Ad-Hoc|x64.ActiveCfg = Debug|Any CPU
		{EF52D5BF-E4D8-49B5-BE0F-883FE95F8489}.Ad-Hoc|x64.Build.0 = Debug|Any CPU
		{EF52D5BF-E4D8-49B5-BE0F-883FE95F8489}.Ad-Hoc|x86.ActiveCfg = Debug|Any CPU
		{EF52D5BF-E4D8-49B5-BE0F-883FE95F8489}.Ad-Hoc|x86.Build.0 = Debug|Any CPU
		{EF52D5BF-E4D8-49B5-BE0F-883FE95F8489}.AppStore|Any CPU.ActiveCfg = Debug|Any CPU
		{EF52D5BF-E4D8-49B5-BE0F-883FE95F8489}.AppStore|Any CPU.Build.0 = Debug|Any CPU
		{EF52D5BF-E4D8-49B5-BE0F-883FE95F8489}.AppStore|ARM.ActiveCfg = Debug|Any CPU
		{EF52D5BF-E4D8-49B5-BE0F-883FE95F8489}.AppStore|ARM.Build.0 = Debug|Any CPU
		{EF52D5BF-E4D8-49B5-BE0F-883FE95F8489}.AppStore|iPhone.ActiveCfg = Debug|Any CPU
		{EF52D5BF-E4D8-49B5-BE0F-883FE95F8489}.AppStore|iPhone.Build.0 = Debug|Any CPU
		{EF52D5BF-E4D8-49B5-BE0F-883FE95F8489}.AppStore|iPhoneSimulator.ActiveCfg = Debug|Any CPU
		{EF52D5BF-E4D8-49B5-BE0F-883FE95F8489}.AppStore|iPhoneSimulator.Build.0 = Debug|Any CPU
		{EF52D5BF-E4D8-49B5-BE0F-883FE95F8489}.AppStore|x64.ActiveCfg = Debug|Any CPU
		{EF52D5BF-E4D8-49B5-BE0F-883FE95F8489}.AppStore|x64.Build.0 = Debug|Any CPU
		{EF52D5BF-E4D8-49B5-BE0F-883FE95F8489}.AppStore|x86.ActiveCfg = Debug|Any CPU
		{EF52D5BF-E4D8-49B5-BE0F-883FE95F8489}.AppStore|x86.Build.0 = Debug|Any CPU
		{EF52D5BF-E4D8-49B5-BE0F-883FE95F8489}.Debug|Any CPU.ActiveCfg = Debug|Any CPU
		{EF52D5BF-E4D8-49B5-BE0F-883FE95F8489}.Debug|Any CPU.Build.0 = Debug|Any CPU
		{EF52D5BF-E4D8-49B5-BE0F-883FE95F8489}.Debug|ARM.ActiveCfg = Debug|Any CPU
		{EF52D5BF-E4D8-49B5-BE0F-883FE95F8489}.Debug|ARM.Build.0 = Debug|Any CPU
		{EF52D5BF-E4D8-49B5-BE0F-883FE95F8489}.Debug|iPhone.ActiveCfg = Debug|Any CPU
		{EF52D5BF-E4D8-49B5-BE0F-883FE95F8489}.Debug|iPhone.Build.0 = Debug|Any CPU
		{EF52D5BF-E4D8-49B5-BE0F-883FE95F8489}.Debug|iPhoneSimulator.ActiveCfg = Debug|Any CPU
		{EF52D5BF-E4D8-49B5-BE0F-883FE95F8489}.Debug|iPhoneSimulator.Build.0 = Debug|Any CPU
		{EF52D5BF-E4D8-49B5-BE0F-883FE95F8489}.Debug|x64.ActiveCfg = Debug|Any CPU
		{EF52D5BF-E4D8-49B5-BE0F-883FE95F8489}.Debug|x64.Build.0 = Debug|Any CPU
		{EF52D5BF-E4D8-49B5-BE0F-883FE95F8489}.Debug|x86.ActiveCfg = Debug|Any CPU
		{EF52D5BF-E4D8-49B5-BE0F-883FE95F8489}.Debug|x86.Build.0 = Debug|Any CPU
		{EF52D5BF-E4D8-49B5-BE0F-883FE95F8489}.Release|Any CPU.ActiveCfg = Release|Any CPU
		{EF52D5BF-E4D8-49B5-BE0F-883FE95F8489}.Release|Any CPU.Build.0 = Release|Any CPU
		{EF52D5BF-E4D8-49B5-BE0F-883FE95F8489}.Release|ARM.ActiveCfg = Release|Any CPU
		{EF52D5BF-E4D8-49B5-BE0F-883FE95F8489}.Release|ARM.Build.0 = Release|Any CPU
		{EF52D5BF-E4D8-49B5-BE0F-883FE95F8489}.Release|iPhone.ActiveCfg = Release|Any CPU
		{EF52D5BF-E4D8-49B5-BE0F-883FE95F8489}.Release|iPhone.Build.0 = Release|Any CPU
		{EF52D5BF-E4D8-49B5-BE0F-883FE95F8489}.Release|iPhoneSimulator.ActiveCfg = Release|Any CPU
		{EF52D5BF-E4D8-49B5-BE0F-883FE95F8489}.Release|iPhoneSimulator.Build.0 = Release|Any CPU
		{EF52D5BF-E4D8-49B5-BE0F-883FE95F8489}.Release|x64.ActiveCfg = Release|Any CPU
		{EF52D5BF-E4D8-49B5-BE0F-883FE95F8489}.Release|x64.Build.0 = Release|Any CPU
		{EF52D5BF-E4D8-49B5-BE0F-883FE95F8489}.Release|x86.ActiveCfg = Release|Any CPU
		{EF52D5BF-E4D8-49B5-BE0F-883FE95F8489}.Release|x86.Build.0 = Release|Any CPU
	EndGlobalSection
	GlobalSection(SolutionProperties) = preSolution
		HideSolutionNode = FALSE
	EndGlobalSection
	GlobalSection(ExtensibilityGlobals) = postSolution
		SolutionGuid = {E09EB918-9822-4312-B9A7-9DE6ABB5BDDD}
	EndGlobalSection
EndGlobal
